// !$*UTF8*$!
{
	archiveVersion = 1;
	classes = {
	};
	objectVersion = 46;
	objects = {

/* Begin PBXBuildFile section */
		68DB5B161BEF7CF100F3B97B /* AppDelegate.swift in Sources */ = {isa = PBXBuildFile; fileRef = 68DB5B151BEF7CF100F3B97B /* AppDelegate.swift */; };
		68DB5B181BEF7CF100F3B97B /* ViewController.swift in Sources */ = {isa = PBXBuildFile; fileRef = 68DB5B171BEF7CF100F3B97B /* ViewController.swift */; };
		68DB5B1B1BEF7CF100F3B97B /* Main.storyboard in Resources */ = {isa = PBXBuildFile; fileRef = 68DB5B191BEF7CF100F3B97B /* Main.storyboard */; };
		68DB5B1D1BEF7CF100F3B97B /* Assets.xcassets in Resources */ = {isa = PBXBuildFile; fileRef = 68DB5B1C1BEF7CF100F3B97B /* Assets.xcassets */; };
		68DB5B201BEF7CF100F3B97B /* LaunchScreen.storyboard in Resources */ = {isa = PBXBuildFile; fileRef = 68DB5B1E1BEF7CF100F3B97B /* LaunchScreen.storyboard */; };
		68DB5B291BEF7D2A00F3B97B /* CardsCollectionViewCell.swift in Sources */ = {isa = PBXBuildFile; fileRef = 68DB5B271BEF7D2A00F3B97B /* CardsCollectionViewCell.swift */; };
		68DB5B2A1BEF7D2A00F3B97B /* CardsCollectionViewLayout.swift in Sources */ = {isa = PBXBuildFile; fileRef = 68DB5B281BEF7D2A00F3B97B /* CardsCollectionViewLayout.swift */; };
/* End PBXBuildFile section */

/* Begin PBXFileReference section */
		68DB5B121BEF7CF100F3B97B /* CardsAnimationDemo.app */ = {isa = PBXFileReference; explicitFileType = wrapper.application; includeInIndex = 0; path = CardsAnimationDemo.app; sourceTree = BUILT_PRODUCTS_DIR; };
		68DB5B151BEF7CF100F3B97B /* AppDelegate.swift */ = {isa = PBXFileReference; lastKnownFileType = sourcecode.swift; path = AppDelegate.swift; sourceTree = "<group>"; };
		68DB5B171BEF7CF100F3B97B /* ViewController.swift */ = {isa = PBXFileReference; lastKnownFileType = sourcecode.swift; path = ViewController.swift; sourceTree = "<group>"; };
		68DB5B1A1BEF7CF100F3B97B /* Base */ = {isa = PBXFileReference; lastKnownFileType = file.storyboard; name = Base; path = Base.lproj/Main.storyboard; sourceTree = "<group>"; };
		68DB5B1C1BEF7CF100F3B97B /* Assets.xcassets */ = {isa = PBXFileReference; lastKnownFileType = folder.assetcatalog; path = Assets.xcassets; sourceTree = "<group>"; };
		68DB5B1F1BEF7CF100F3B97B /* Base */ = {isa = PBXFileReference; lastKnownFileType = file.storyboard; name = Base; path = Base.lproj/LaunchScreen.storyboard; sourceTree = "<group>"; };
		68DB5B211BEF7CF100F3B97B /* Info.plist */ = {isa = PBXFileReference; lastKnownFileType = text.plist.xml; path = Info.plist; sourceTree = "<group>"; };
		68DB5B271BEF7D2A00F3B97B /* CardsCollectionViewCell.swift */ = {isa = PBXFileReference; fileEncoding = 4; lastKnownFileType = sourcecode.swift; path = CardsCollectionViewCell.swift; sourceTree = "<group>"; };
		68DB5B281BEF7D2A00F3B97B /* CardsCollectionViewLayout.swift */ = {isa = PBXFileReference; fileEncoding = 4; lastKnownFileType = sourcecode.swift; path = CardsCollectionViewLayout.swift; sourceTree = "<group>"; };
/* End PBXFileReference section */

/* Begin PBXFrameworksBuildPhase section */
		68DB5B0F1BEF7CF100F3B97B /* Frameworks */ = {
			isa = PBXFrameworksBuildPhase;
			buildActionMask = 2147483647;
			files = (
			);
			runOnlyForDeploymentPostprocessing = 0;
		};
/* End PBXFrameworksBuildPhase section */

/* Begin PBXGroup section */
		68DB5B091BEF7CF100F3B97B = {
			isa = PBXGroup;
			children = (
				68DB5B141BEF7CF100F3B97B /* CardsAnimationDemo */,
				68DB5B131BEF7CF100F3B97B /* Products */,
			);
			sourceTree = "<group>";
		};
		68DB5B131BEF7CF100F3B97B /* Products */ = {
			isa = PBXGroup;
			children = (
				68DB5B121BEF7CF100F3B97B /* CardsAnimationDemo.app */,
			);
			name = Products;
			sourceTree = "<group>";
		};
		68DB5B141BEF7CF100F3B97B /* CardsAnimationDemo */ = {
			isa = PBXGroup;
			children = (
				68DB5B271BEF7D2A00F3B97B /* CardsCollectionViewCell.swift */,
				68DB5B281BEF7D2A00F3B97B /* CardsCollectionViewLayout.swift */,
				68DB5B151BEF7CF100F3B97B /* AppDelegate.swift */,
				68DB5B171BEF7CF100F3B97B /* ViewController.swift */,
				68DB5B191BEF7CF100F3B97B /* Main.storyboard */,
				68DB5B1C1BEF7CF100F3B97B /* Assets.xcassets */,
				68DB5B1E1BEF7CF100F3B97B /* LaunchScreen.storyboard */,
				68DB5B211BEF7CF100F3B97B /* Info.plist */,
			);
			path = CardsAnimationDemo;
			sourceTree = "<group>";
		};
/* End PBXGroup section */

/* Begin PBXNativeTarget section */
		68DB5B111BEF7CF100F3B97B /* CardsAnimationDemo */ = {
			isa = PBXNativeTarget;
			buildConfigurationList = 68DB5B241BEF7CF100F3B97B /* Build configuration list for PBXNativeTarget "CardsAnimationDemo" */;
			buildPhases = (
				68DB5B0E1BEF7CF100F3B97B /* Sources */,
				68DB5B0F1BEF7CF100F3B97B /* Frameworks */,
				68DB5B101BEF7CF100F3B97B /* Resources */,
			);
			buildRules = (
			);
			dependencies = (
			);
			name = CardsAnimationDemo;
			productName = CardsAnimationDemo;
			productReference = 68DB5B121BEF7CF100F3B97B /* CardsAnimationDemo.app */;
			productType = "com.apple.product-type.application";
		};
/* End PBXNativeTarget section */

/* Begin PBXProject section */
		68DB5B0A1BEF7CF100F3B97B /* Project object */ = {
			isa = PBXProject;
			attributes = {
				LastSwiftUpdateCheck = 0710;
				LastUpgradeCheck = 0710;
				ORGANIZATIONNAME = "秦 道平";
				TargetAttributes = {
					68DB5B111BEF7CF100F3B97B = {
						CreatedOnToolsVersion = 7.1;
					};
				};
			};
			buildConfigurationList = 68DB5B0D1BEF7CF100F3B97B /* Build configuration list for PBXProject "CardsAnimationDemo" */;
			compatibilityVersion = "Xcode 3.2";
			developmentRegion = English;
			hasScannedForEncodings = 0;
			knownRegions = (
				en,
				Base,
			);
			mainGroup = 68DB5B091BEF7CF100F3B97B;
			productRefGroup = 68DB5B131BEF7CF100F3B97B /* Products */;
			projectDirPath = "";
			projectRoot = "";
			targets = (
				68DB5B111BEF7CF100F3B97B /* CardsAnimationDemo */,
			);
		};
/* End PBXProject section */

/* Begin PBXResourcesBuildPhase section */
		68DB5B101BEF7CF100F3B97B /* Resources */ = {
			isa = PBXResourcesBuildPhase;
			buildActionMask = 2147483647;
			files = (
				68DB5B201BEF7CF100F3B97B /* LaunchScreen.storyboard in Resources */,
				68DB5B1D1BEF7CF100F3B97B /* Assets.xcassets in Resources */,
				68DB5B1B1BEF7CF100F3B97B /* Main.storyboard in Resources */,
			);
			runOnlyForDeploymentPostprocessing = 0;
		};
/* End PBXResourcesBuildPhase section */

/* Begin PBXSourcesBuildPhase section */
		68DB5B0E1BEF7CF100F3B97B /* Sources */ = {
			isa = PBXSourcesBuildPhase;
			buildActionMask = 2147483647;
			files = (
				68DB5B2A1BEF7D2A00F3B97B /* CardsCollectionViewLayout.swift in Sources */,
				68DB5B181BEF7CF100F3B97B /* ViewController.swift in Sources */,
				68DB5B161BEF7CF100F3B97B /* AppDelegate.swift in Sources */,
				68DB5B291BEF7D2A00F3B97B /* CardsCollectionViewCell.swift in Sources */,
			);
			runOnlyForDeploymentPostprocessing = 0;
		};
/* End PBXSourcesBuildPhase section */

/* Begin PBXVariantGroup section */
		68DB5B191BEF7CF100F3B97B /* Main.storyboard */ = {
			isa = PBXVariantGroup;
			children = (
				68DB5B1A1BEF7CF100F3B97B /* Base */,
			);
			name = Main.storyboard;
			sourceTree = "<group>";
		};
		68DB5B1E1BEF7CF100F3B97B /* LaunchScreen.storyboard */ = {
			isa = PBXVariantGroup;
			children = (
				68DB5B1F1BEF7CF100F3B97B /* Base */,
			);
			name = LaunchScreen.storyboard;
			sourceTree = "<group>";
		};
/* End PBXVariantGroup section */

/* Begin XCBuildConfiguration section */
		68DB5B221BEF7CF100F3B97B /* Debug */ = {
			isa = XCBuildConfiguration;
			buildSettings = {
				ALWAYS_SEARCH_USER_PATHS = NO;
				CLANG_CXX_LANGUAGE_STANDARD = "gnu++0x";
				CLANG_CXX_LIBRARY = "libc++";
				CLANG_ENABLE_MODULES = YES;
				CLANG_ENABLE_OBJC_ARC = YES;
				CLANG_WARN_BOOL_CONVERSION = YES;
				CLANG_WARN_CONSTANT_CONVERSION = YES;
				CLANG_WARN_DIRECT_OBJC_ISA_USAGE = YES_ERROR;
				CLANG_WARN_EMPTY_BODY = YES;
				CLANG_WARN_ENUM_CONVERSION = YES;
				CLANG_WARN_INT_CONVERSION = YES;
				CLANG_WARN_OBJC_ROOT_CLASS = YES_ERROR;
				CLANG_WARN_UNREACHABLE_CODE = YES;
				CLANG_WARN__DUPLICATE_METHOD_MATCH = YES;
				"CODE_SIGN_IDENTITY[sdk=iphoneos*]" = "iPhone Developer";
				COPY_PHASE_STRIP = NO;
				DEBUG_INFORMATION_FORMAT = dwarf;
				ENABLE_STRICT_OBJC_MSGSEND = YES;
				ENABLE_TESTABILITY = YES;
				GCC_C_LANGUAGE_STANDARD = gnu99;
				GCC_DYNAMIC_NO_PIC = NO;
				GCC_NO_COMMON_BLOCKS = YES;
				GCC_OPTIMIZATION_LEVEL = 0;
				GCC_PREPROCESSOR_DEFINITIONS = (
					"DEBUG=1",
					"$(inherited)",
				);
				GCC_WARN_64_TO_32_BIT_CONVERSION = YES;
				GCC_WARN_ABOUT_RETURN_TYPE = YES_ERROR;
				GCC_WARN_UNDECLARED_SELECTOR = YES;
				GCC_WARN_UNINITIALIZED_AUTOS = YES_AGGRESSIVE;
				GCC_WARN_UNUSED_FUNCTION = YES;
				GCC_WARN_UNUSED_VARIABLE = YES;
				IPHONEOS_DEPLOYMENT_TARGET = 9.1;
				MTL_ENABLE_DEBUG_INFO = YES;
				ONLY_ACTIVE_ARCH = YES;
				SDKROOT = iphoneos;
				SWIFT_OPTIMIZATION_LEVEL = "-Onone";
			};
			name = Debug;
		};
		68DB5B231BEF7CF100F3B97B /* Release */ = {
			isa = XCBuildConfiguration;
			buildSettings = {
				ALWAYS_SEARCH_USER_PATHS = NO;
				CLANG_CXX_LANGUAGE_STANDARD = "gnu++0x";
				CLANG_CXX_LIBRARY = "libc++";
				CLANG_ENABLE_MODULES = YES;
				CLANG_ENABLE_OBJC_ARC = YES;
				CLANG_WARN_BOOL_CONVERSION = YES;
				CLANG_WARN_CONSTANT_CONVERSION = YES;
				CLANG_WARN_DIRECT_OBJC_ISA_USAGE = YES_ERROR;
				CLANG_WARN_EMPTY_BODY = YES;
				CLANG_WARN_ENUM_CONVERSION = YES;
				CLANG_WARN_INT_CONVERSION = YES;
				CLANG_WARN_OBJC_ROOT_CLASS = YES_ERROR;
				CLANG_WARN_UNREACHABLE_CODE = YES;
				CLANG_WARN__DUPLICATE_METHOD_MATCH = YES;
				"CODE_SIGN_IDENTITY[sdk=iphoneos*]" = "iPhone Developer";
				COPY_PHASE_STRIP = NO;
				DEBUG_INFORMATION_FORMAT = "dwarf-with-dsym";
				ENABLE_NS_ASSERTIONS = NO;
				ENABLE_STRICT_OBJC_MSGSEND = YES;
				GCC_C_LANGUAGE_STANDARD = gnu99;
				GCC_NO_COMMON_BLOCKS = YES;
				GCC_WARN_64_TO_32_BIT_CONVERSION = YES;
				GCC_WARN_ABOUT_RETURN_TYPE = YES_ERROR;
				GCC_WARN_UNDECLARED_SELECTOR = YES;
				GCC_WARN_UNINITIALIZED_AUTOS = YES_AGGRESSIVE;
				GCC_WARN_UNUSED_FUNCTION = YES;
				GCC_WARN_UNUSED_VARIABLE = YES;
				IPHONEOS_DEPLOYMENT_TARGET = 9.1;
				MTL_ENABLE_DEBUG_INFO = NO;
				SDKROOT = iphoneos;
				VALIDATE_PRODUCT = YES;
			};
			name = Release;
		};
		68DB5B251BEF7CF100F3B97B /* Debug */ = {
			isa = XCBuildConfiguration;
			buildSettings = {
				ASSETCATALOG_COMPILER_APPICON_NAME = AppIcon;
				INFOPLIST_FILE = CardsAnimationDemo/Info.plist;
				LD_RUNPATH_SEARCH_PATHS = "$(inherited) @executable_path/Frameworks";
				PRODUCT_BUNDLE_IDENTIFIER = adow.CardsAnimationDemo;
				PRODUCT_NAME = "$(TARGET_NAME)";
			};
			name = Debug;
		};
		68DB5B261BEF7CF100F3B97B /* Release */ = {
			isa = XCBuildConfiguration;
			buildSettings = {
				ASSETCATALOG_COMPILER_APPICON_NAME = AppIcon;
				INFOPLIST_FILE = CardsAnimationDemo/Info.plist;
				LD_RUNPATH_SEARCH_PATHS = "$(inherited) @executable_path/Frameworks";
				PRODUCT_BUNDLE_IDENTIFIER = adow.CardsAnimationDemo;
				PRODUCT_NAME = "$(TARGET_NAME)";
			};
			name = Release;
		};
/* End XCBuildConfiguration section */

/* Begin XCConfigurationList section */
		68DB5B0D1BEF7CF100F3B97B /* Build configuration list for PBXProject "CardsAnimationDemo" */ = {
			isa = XCConfigurationList;
			buildConfigurations = (
				68DB5B221BEF7CF100F3B97B /* Debug */,
				68DB5B231BEF7CF100F3B97B /* Release */,
			);
			defaultConfigurationIsVisible = 0;
			defaultConfigurationName = Release;
		};
		68DB5B241BEF7CF100F3B97B /* Build configuration list for PBXNativeTarget "CardsAnimationDemo" */ = {
			isa = XCConfigurationList;
			buildConfigurations = (
				68DB5B251BEF7CF100F3B97B /* Debug */,
				68DB5B261BEF7CF100F3B97B /* Release */,
			);
			defaultConfigurationIsVisible = 0;
		};
/* End XCConfigurationList section */
	};
	rootObject = 68DB5B0A1BEF7CF100F3B97B /* Project object */;
}
